
Microsoft Visual Studio Solution File, Format Version 12.00
# Visual Studio Version 17
VisualStudioVersion = 17.5.33530.505
MinimumVisualStudioVersion = 10.0.40219.1
Project("{FAE04EC0-301F-11D3-BF4B-00C04F79EFBC}") = "MyToDoList", "MyToDoList\MyToDoList.csproj", "{7104FA94-3374-4DC3-B0C2-647114DA235A}"
EndProject
Global
	GlobalSection(SolutionConfigurationPlatforms) = preSolution
		Debug|Any CPU = Debug|Any CPU
		Release|Any CPU = Release|Any CPU
	EndGlobalSection
	GlobalSection(ProjectConfigurationPlatforms) = postSolution
		{7104FA94-3374-4DC3-B0C2-647114DA235A}.Debug|Any CPU.ActiveCfg = Debug|Any CPU
		{7104FA94-3374-4DC3-B0C2-647114DA235A}.Debug|Any CPU.Build.0 = Debug|Any CPU
		{7104FA94-3374-4DC3-B0C2-647114DA235A}.Release|Any CPU.ActiveCfg = Release|Any CPU
		{7104FA94-3374-4DC3-B0C2-647114DA235A}.Release|Any CPU.Build.0 = Release|Any CPU
	EndGlobalSection
	GlobalSection(SolutionProperties) = preSolution
		HideSolutionNode = FALSE
	EndGlobalSection
	GlobalSection(ExtensibilityGlobals) = postSolution
		SolutionGuid = {B7F2A0FC-4FDB-453F-A880-9C82AF8F895D}
	EndGlobalSection
EndGlobal
